
Microsoft Visual Studio Solution File, Format Version 12.00
# Visual Studio Version 17
VisualStudioVersion = 17.7.34003.232
MinimumVisualStudioVersion = 10.0.40219.1
Project("{FAE04EC0-301F-11D3-BF4B-00C04F79EFBC}") = "WebBanVaLi", "WebBanVaLi.csproj", "{E874A421-A91A-40AB-A067-AD0B967FB9D0}"
EndProject
Global
	GlobalSection(SolutionConfigurationPlatforms) = preSolution
		Debug|Any CPU = Debug|Any CPU
		Release|Any CPU = Release|Any CPU
	EndGlobalSection
	GlobalSection(ProjectConfigurationPlatforms) = postSolution
		{E874A421-A91A-40AB-A067-AD0B967FB9D0}.Debug|Any CPU.ActiveCfg = Debug|Any CPU
		{E874A421-A91A-40AB-A067-AD0B967FB9D0}.Debug|Any CPU.Build.0 = Debug|Any CPU
		{E874A421-A91A-40AB-A067-AD0B967FB9D0}.Release|Any CPU.ActiveCfg = Release|Any CPU
		{E874A421-A91A-40AB-A067-AD0B967FB9D0}.Release|Any CPU.Build.0 = Release|Any CPU
	EndGlobalSection
	GlobalSection(SolutionProperties) = preSolution
		HideSolutionNode = FALSE
	EndGlobalSection
	GlobalSection(ExtensibilityGlobals) = postSolution
		SolutionGuid = {FC826D79-4600-4796-9318-62AC1305E22E}
	EndGlobalSection
EndGlobal
